// !$*UTF8*$!
{
	archiveVersion = 1;
	classes = {
	};
	objectVersion = 46;
	objects = {

/* Begin PBXBuildFile section */
		6414800B180697AB0020804C /* Foundation.framework in Frameworks */ = {isa = PBXBuildFile; fileRef = 6414800A180697AB0020804C /* Foundation.framework */; };
		6414800D180697AB0020804C /* CoreGraphics.framework in Frameworks */ = {isa = PBXBuildFile; fileRef = 6414800C180697AB0020804C /* CoreGraphics.framework */; };
		6414800F180697AB0020804C /* UIKit.framework in Frameworks */ = {isa = PBXBuildFile; fileRef = 6414800E180697AB0020804C /* UIKit.framework */; };
		64148015180697AB0020804C /* InfoPlist.strings in Resources */ = {isa = PBXBuildFile; fileRef = 64148013180697AB0020804C /* InfoPlist.strings */; };
		64148017180697AB0020804C /* main.m in Sources */ = {isa = PBXBuildFile; fileRef = 64148016180697AB0020804C /* main.m */; };
		6414801B180697AB0020804C /* AppDelegate.m in Sources */ = {isa = PBXBuildFile; fileRef = 6414801A180697AB0020804C /* AppDelegate.m */; };
		6414801E180697AB0020804C /* Main.storyboard in Resources */ = {isa = PBXBuildFile; fileRef = 6414801C180697AB0020804C /* Main.storyboard */; };
		64148021180697AB0020804C /* MasterViewController.m in Sources */ = {isa = PBXBuildFile; fileRef = 64148020180697AB0020804C /* MasterViewController.m */; };
		64148026180697AB0020804C /* Images.xcassets in Resources */ = {isa = PBXBuildFile; fileRef = 64148025180697AB0020804C /* Images.xcassets */; };
		6414802D180697AB0020804C /* XCTest.framework in Frameworks */ = {isa = PBXBuildFile; fileRef = 6414802C180697AB0020804C /* XCTest.framework */; };
		6414802E180697AB0020804C /* Foundation.framework in Frameworks */ = {isa = PBXBuildFile; fileRef = 6414800A180697AB0020804C /* Foundation.framework */; };
		6414802F180697AB0020804C /* UIKit.framework in Frameworks */ = {isa = PBXBuildFile; fileRef = 6414800E180697AB0020804C /* UIKit.framework */; };
		64148037180697AB0020804C /* InfoPlist.strings in Resources */ = {isa = PBXBuildFile; fileRef = 64148035180697AB0020804C /* InfoPlist.strings */; };
		64148039180697AB0020804C /* CoffeeShopTests.m in Sources */ = {isa = PBXBuildFile; fileRef = 64148038180697AB0020804C /* CoffeeShopTests.m */; };
		6414805318069D760020804C /* libRestKit.a in Frameworks */ = {isa = PBXBuildFile; fileRef = 6414804A18069B710020804C /* libRestKit.a */; };
		6414805518069D890020804C /* CFNetwork.framework in Frameworks */ = {isa = PBXBuildFile; fileRef = 6414805418069D890020804C /* CFNetwork.framework */; };
		6414805718069D920020804C /* CoreData.framework in Frameworks */ = {isa = PBXBuildFile; fileRef = 6414805618069D920020804C /* CoreData.framework */; };
		6414805918069D9D0020804C /* MobileCoreServices.framework in Frameworks */ = {isa = PBXBuildFile; fileRef = 6414805818069D9D0020804C /* MobileCoreServices.framework */; };
		6414805B18069DA90020804C /* Security.framework in Frameworks */ = {isa = PBXBuildFile; fileRef = 6414805A18069DA90020804C /* Security.framework */; };
		6414805D18069DB50020804C /* SystemConfiguration.framework in Frameworks */ = {isa = PBXBuildFile; fileRef = 6414805C18069DB50020804C /* SystemConfiguration.framework */; };
/* End PBXBuildFile section */

/* Begin PBXContainerItemProxy section */
		64148030180697AB0020804C /* PBXContainerItemProxy */ = {
			isa = PBXContainerItemProxy;
			containerPortal = 64147FFF180697AB0020804C /* Project object */;
			proxyType = 1;
			remoteGlobalIDString = 64148006180697AB0020804C;
			remoteInfo = CoffeeShop;
		};
		6414804918069B710020804C /* PBXContainerItemProxy */ = {
			isa = PBXContainerItemProxy;
			containerPortal = 6414804218069B710020804C /* RestKit.xcodeproj */;
			proxyType = 2;
			remoteGlobalIDString = 25160D1614564E810060A5C5;
			remoteInfo = RestKit;
		};
		6414804B18069B710020804C /* PBXContainerItemProxy */ = {
			isa = PBXContainerItemProxy;
			containerPortal = 6414804218069B710020804C /* RestKit.xcodeproj */;
			proxyType = 2;
			remoteGlobalIDString = 25160D2614564E820060A5C5;
			remoteInfo = RestKitTests;
		};
		6414804D18069B710020804C /* PBXContainerItemProxy */ = {
			isa = PBXContainerItemProxy;
			containerPortal = 6414804218069B710020804C /* RestKit.xcodeproj */;
			proxyType = 2;
			remoteGlobalIDString = 25160E62145651060060A5C5;
			remoteInfo = RestKitFramework;
		};
		6414804F18069B710020804C /* PBXContainerItemProxy */ = {
			isa = PBXContainerItemProxy;
			containerPortal = 6414804218069B710020804C /* RestKit.xcodeproj */;
			proxyType = 2;
			remoteGlobalIDString = 25160E78145651060060A5C5;
			remoteInfo = RestKitFrameworkTests;
		};
		6414805118069D230020804C /* PBXContainerItemProxy */ = {
			isa = PBXContainerItemProxy;
			containerPortal = 6414804218069B710020804C /* RestKit.xcodeproj */;
			proxyType = 1;
			remoteGlobalIDString = 25160D1514564E810060A5C5;
			remoteInfo = RestKit;
		};
/* End PBXContainerItemProxy section */

/* Begin PBXFileReference section */
		64148007180697AB0020804C /* CoffeeShop.app */ = {isa = PBXFileReference; explicitFileType = wrapper.application; includeInIndex = 0; path = CoffeeShop.app; sourceTree = BUILT_PRODUCTS_DIR; };
		6414800A180697AB0020804C /* Foundation.framework */ = {isa = PBXFileReference; lastKnownFileType = wrapper.framework; name = Foundation.framework; path = System/Library/Frameworks/Foundation.framework; sourceTree = SDKROOT; };
		6414800C180697AB0020804C /* CoreGraphics.framework */ = {isa = PBXFileReference; lastKnownFileType = wrapper.framework; name = CoreGraphics.framework; path = System/Library/Frameworks/CoreGraphics.framework; sourceTree = SDKROOT; };
		6414800E180697AB0020804C /* UIKit.framework */ = {isa = PBXFileReference; lastKnownFileType = wrapper.framework; name = UIKit.framework; path = System/Library/Frameworks/UIKit.framework; sourceTree = SDKROOT; };
		64148012180697AB0020804C /* CoffeeShop-Info.plist */ = {isa = PBXFileReference; lastKnownFileType = text.plist.xml; path = "CoffeeShop-Info.plist"; sourceTree = "<group>"; };
		64148014180697AB0020804C /* en */ = {isa = PBXFileReference; lastKnownFileType = text.plist.strings; name = en; path = en.lproj/InfoPlist.strings; sourceTree = "<group>"; };
		64148016180697AB0020804C /* main.m */ = {isa = PBXFileReference; lastKnownFileType = sourcecode.c.objc; path = main.m; sourceTree = "<group>"; };
		64148018180697AB0020804C /* CoffeeShop-Prefix.pch */ = {isa = PBXFileReference; lastKnownFileType = sourcecode.c.h; path = "CoffeeShop-Prefix.pch"; sourceTree = "<group>"; };
		64148019180697AB0020804C /* AppDelegate.h */ = {isa = PBXFileReference; lastKnownFileType = sourcecode.c.h; path = AppDelegate.h; sourceTree = "<group>"; };
		6414801A180697AB0020804C /* AppDelegate.m */ = {isa = PBXFileReference; lastKnownFileType = sourcecode.c.objc; path = AppDelegate.m; sourceTree = "<group>"; };
		6414801D180697AB0020804C /* Base */ = {isa = PBXFileReference; lastKnownFileType = file.storyboard; name = Base; path = Base.lproj/Main.storyboard; sourceTree = "<group>"; };
		6414801F180697AB0020804C /* MasterViewController.h */ = {isa = PBXFileReference; lastKnownFileType = sourcecode.c.h; path = MasterViewController.h; sourceTree = "<group>"; };
		64148020180697AB0020804C /* MasterViewController.m */ = {isa = PBXFileReference; lastKnownFileType = sourcecode.c.objc; path = MasterViewController.m; sourceTree = "<group>"; };
		64148025180697AB0020804C /* Images.xcassets */ = {isa = PBXFileReference; lastKnownFileType = folder.assetcatalog; path = Images.xcassets; sourceTree = "<group>"; };
		6414802B180697AB0020804C /* CoffeeShopTests.xctest */ = {isa = PBXFileReference; explicitFileType = wrapper.cfbundle; includeInIndex = 0; path = CoffeeShopTests.xctest; sourceTree = BUILT_PRODUCTS_DIR; };
		6414802C180697AB0020804C /* XCTest.framework */ = {isa = PBXFileReference; lastKnownFileType = wrapper.framework; name = XCTest.framework; path = Library/Frameworks/XCTest.framework; sourceTree = DEVELOPER_DIR; };
		64148034180697AB0020804C /* CoffeeShopTests-Info.plist */ = {isa = PBXFileReference; lastKnownFileType = text.plist.xml; path = "CoffeeShopTests-Info.plist"; sourceTree = "<group>"; };
		64148036180697AB0020804C /* en */ = {isa = PBXFileReference; lastKnownFileType = text.plist.strings; name = en; path = en.lproj/InfoPlist.strings; sourceTree = "<group>"; };
		64148038180697AB0020804C /* CoffeeShopTests.m */ = {isa = PBXFileReference; lastKnownFileType = sourcecode.c.objc; path = CoffeeShopTests.m; sourceTree = "<group>"; };
		6414804218069B710020804C /* RestKit.xcodeproj */ = {isa = PBXFileReference; lastKnownFileType = "wrapper.pb-project"; name = RestKit.xcodeproj; path = ../RestKit/RestKit.xcodeproj; sourceTree = "<group>"; };
		6414805418069D890020804C /* CFNetwork.framework */ = {isa = PBXFileReference; lastKnownFileType = wrapper.framework; name = CFNetwork.framework; path = System/Library/Frameworks/CFNetwork.framework; sourceTree = SDKROOT; };
		6414805618069D920020804C /* CoreData.framework */ = {isa = PBXFileReference; lastKnownFileType = wrapper.framework; name = CoreData.framework; path = System/Library/Frameworks/CoreData.framework; sourceTree = SDKROOT; };
		6414805818069D9D0020804C /* MobileCoreServices.framework */ = {isa = PBXFileReference; lastKnownFileType = wrapper.framework; name = MobileCoreServices.framework; path = System/Library/Frameworks/MobileCoreServices.framework; sourceTree = SDKROOT; };
		6414805A18069DA90020804C /* Security.framework */ = {isa = PBXFileReference; lastKnownFileType = wrapper.framework; name = Security.framework; path = System/Library/Frameworks/Security.framework; sourceTree = SDKROOT; };
		6414805C18069DB50020804C /* SystemConfiguration.framework */ = {isa = PBXFileReference; lastKnownFileType = wrapper.framework; name = SystemConfiguration.framework; path = System/Library/Frameworks/SystemConfiguration.framework; sourceTree = SDKROOT; };
/* End PBXFileReference section */

/* Begin PBXFrameworksBuildPhase section */
		64148004180697AB0020804C /* Frameworks */ = {
			isa = PBXFrameworksBuildPhase;
			buildActionMask = 2147483647;
			files = (
				6414805D18069DB50020804C /* SystemConfiguration.framework in Frameworks */,
				6414805B18069DA90020804C /* Security.framework in Frameworks */,
				6414805918069D9D0020804C /* MobileCoreServices.framework in Frameworks */,
				6414805718069D920020804C /* CoreData.framework in Frameworks */,
				6414805518069D890020804C /* CFNetwork.framework in Frameworks */,
				6414805318069D760020804C /* libRestKit.a in Frameworks */,
				6414800D180697AB0020804C /* CoreGraphics.framework in Frameworks */,
				6414800F180697AB0020804C /* UIKit.framework in Frameworks */,
				6414800B180697AB0020804C /* Foundation.framework in Frameworks */,
			);
			runOnlyForDeploymentPostprocessing = 0;
		};
		64148028180697AB0020804C /* Frameworks */ = {
			isa = PBXFrameworksBuildPhase;
			buildActionMask = 2147483647;
			files = (
				6414802D180697AB0020804C /* XCTest.framework in Frameworks */,
				6414802F180697AB0020804C /* UIKit.framework in Frameworks */,
				6414802E180697AB0020804C /* Foundation.framework in Frameworks */,
			);
			runOnlyForDeploymentPostprocessing = 0;
		};
/* End PBXFrameworksBuildPhase section */

/* Begin PBXGroup section */
		64147FFE180697AB0020804C = {
			isa = PBXGroup;
			children = (
				6414804218069B710020804C /* RestKit.xcodeproj */,
				64148010180697AB0020804C /* CoffeeShop */,
				64148032180697AB0020804C /* CoffeeShopTests */,
				64148009180697AB0020804C /* Frameworks */,
				64148008180697AB0020804C /* Products */,
			);
			sourceTree = "<group>";
		};
		64148008180697AB0020804C /* Products */ = {
			isa = PBXGroup;
			children = (
				64148007180697AB0020804C /* CoffeeShop.app */,
				6414802B180697AB0020804C /* CoffeeShopTests.xctest */,
			);
			name = Products;
			sourceTree = "<group>";
		};
		64148009180697AB0020804C /* Frameworks */ = {
			isa = PBXGroup;
			children = (
				6414805C18069DB50020804C /* SystemConfiguration.framework */,
				6414805A18069DA90020804C /* Security.framework */,
				6414805818069D9D0020804C /* MobileCoreServices.framework */,
				6414805618069D920020804C /* CoreData.framework */,
				6414805418069D890020804C /* CFNetwork.framework */,
				6414800A180697AB0020804C /* Foundation.framework */,
				6414800C180697AB0020804C /* CoreGraphics.framework */,
				6414800E180697AB0020804C /* UIKit.framework */,
				6414802C180697AB0020804C /* XCTest.framework */,
			);
			name = Frameworks;
			sourceTree = "<group>";
		};
		64148010180697AB0020804C /* CoffeeShop */ = {
			isa = PBXGroup;
			children = (
				64148019180697AB0020804C /* AppDelegate.h */,
				6414801A180697AB0020804C /* AppDelegate.m */,
				6414801C180697AB0020804C /* Main.storyboard */,
				6414801F180697AB0020804C /* MasterViewController.h */,
				64148020180697AB0020804C /* MasterViewController.m */,
				64148025180697AB0020804C /* Images.xcassets */,
				64148011180697AB0020804C /* Supporting Files */,
			);
			path = CoffeeShop;
			sourceTree = "<group>";
		};
		64148011180697AB0020804C /* Supporting Files */ = {
			isa = PBXGroup;
			children = (
				64148012180697AB0020804C /* CoffeeShop-Info.plist */,
				64148013180697AB0020804C /* InfoPlist.strings */,
				64148016180697AB0020804C /* main.m */,
				64148018180697AB0020804C /* CoffeeShop-Prefix.pch */,
			);
			name = "Supporting Files";
			sourceTree = "<group>";
		};
		64148032180697AB0020804C /* CoffeeShopTests */ = {
			isa = PBXGroup;
			children = (
				64148038180697AB0020804C /* CoffeeShopTests.m */,
				64148033180697AB0020804C /* Supporting Files */,
			);
			path = CoffeeShopTests;
			sourceTree = "<group>";
		};
		64148033180697AB0020804C /* Supporting Files */ = {
			isa = PBXGroup;
			children = (
				64148034180697AB0020804C /* CoffeeShopTests-Info.plist */,
				64148035180697AB0020804C /* InfoPlist.strings */,
			);
			name = "Supporting Files";
			sourceTree = "<group>";
		};
		6414804318069B710020804C /* Products */ = {
			isa = PBXGroup;
			children = (
				6414804A18069B710020804C /* libRestKit.a */,
				6414804C18069B710020804C /* RestKitTests.octest */,
				6414804E18069B710020804C /* RestKit.framework */,
				6414805018069B710020804C /* RestKitFrameworkTests.octest */,
			);
			name = Products;
			sourceTree = "<group>";
		};
/* End PBXGroup section */

/* Begin PBXNativeTarget section */
		64148006180697AB0020804C /* CoffeeShop */ = {
			isa = PBXNativeTarget;
			buildConfigurationList = 6414803C180697AB0020804C /* Build configuration list for PBXNativeTarget "CoffeeShop" */;
			buildPhases = (
				64148003180697AB0020804C /* Sources */,
				64148004180697AB0020804C /* Frameworks */,
				64148005180697AB0020804C /* Resources */,
			);
			buildRules = (
			);
			dependencies = (
				6414805218069D230020804C /* PBXTargetDependency */,
			);
			name = CoffeeShop;
			productName = CoffeeShop;
			productReference = 64148007180697AB0020804C /* CoffeeShop.app */;
			productType = "com.apple.product-type.application";
		};
		6414802A180697AB0020804C /* CoffeeShopTests */ = {
			isa = PBXNativeTarget;
			buildConfigurationList = 6414803F180697AB0020804C /* Build configuration list for PBXNativeTarget "CoffeeShopTests" */;
			buildPhases = (
				64148027180697AB0020804C /* Sources */,
				64148028180697AB0020804C /* Frameworks */,
				64148029180697AB0020804C /* Resources */,
			);
			buildRules = (
			);
			dependencies = (
				64148031180697AB0020804C /* PBXTargetDependency */,
			);
			name = CoffeeShopTests;
			productName = CoffeeShopTests;
			productReference = 6414802B180697AB0020804C /* CoffeeShopTests.xctest */;
			productType = "com.apple.product-type.bundle.unit-test";
		};
/* End PBXNativeTarget section */

/* Begin PBXProject section */
		64147FFF180697AB0020804C /* Project object */ = {
			isa = PBXProject;
			attributes = {
				LastUpgradeCheck = 0500;
				ORGANIZATIONNAME = "Relifeit (Daniele Ceglia)";
				TargetAttributes = {
					6414802A180697AB0020804C = {
						TestTargetID = 64148006180697AB0020804C;
					};
				};
			};
			buildConfigurationList = 64148002180697AB0020804C /* Build configuration list for PBXProject "CoffeeShop" */;
			compatibilityVersion = "Xcode 3.2";
			developmentRegion = English;
			hasScannedForEncodings = 0;
			knownRegions = (
				en,
				Base,
			);
			mainGroup = 64147FFE180697AB0020804C;
			productRefGroup = 64148008180697AB0020804C /* Products */;
			projectDirPath = "";
			projectReferences = (
				{
					ProductGroup = 6414804318069B710020804C /* Products */;
					ProjectRef = 6414804218069B710020804C /* RestKit.xcodeproj */;
				},
			);
			projectRoot = "";
			targets = (
				64148006180697AB0020804C /* CoffeeShop */,
				6414802A180697AB0020804C /* CoffeeShopTests */,
			);
		};
/* End PBXProject section */

/* Begin PBXReferenceProxy section */
		6414804A18069B710020804C /* libRestKit.a */ = {
			isa = PBXReferenceProxy;
			fileType = archive.ar;
			path = libRestKit.a;
			remoteRef = 6414804918069B710020804C /* PBXContainerItemProxy */;
			sourceTree = BUILT_PRODUCTS_DIR;
		};
		6414804C18069B710020804C /* RestKitTests.octest */ = {
			isa = PBXReferenceProxy;
			fileType = wrapper.cfbundle;
			path = RestKitTests.octest;
			remoteRef = 6414804B18069B710020804C /* PBXContainerItemProxy */;
			sourceTree = BUILT_PRODUCTS_DIR;
		};
		6414804E18069B710020804C /* RestKit.framework */ = {
			isa = PBXReferenceProxy;
			fileType = wrapper.framework;
			path = RestKit.framework;
			remoteRef = 6414804D18069B710020804C /* PBXContainerItemProxy */;
			sourceTree = BUILT_PRODUCTS_DIR;
		};
		6414805018069B710020804C /* RestKitFrameworkTests.octest */ = {
			isa = PBXReferenceProxy;
			fileType = wrapper.cfbundle;
			path = RestKitFrameworkTests.octest;
			remoteRef = 6414804F18069B710020804C /* PBXContainerItemProxy */;
			sourceTree = BUILT_PRODUCTS_DIR;
		};
/* End PBXReferenceProxy section */

/* Begin PBXResourcesBuildPhase section */
		64148005180697AB0020804C /* Resources */ = {
			isa = PBXResourcesBuildPhase;
			buildActionMask = 2147483647;
			files = (
				64148026180697AB0020804C /* Images.xcassets in Resources */,
				64148015180697AB0020804C /* InfoPlist.strings in Resources */,
				6414801E180697AB0020804C /* Main.storyboard in Resources */,
			);
			runOnlyForDeploymentPostprocessing = 0;
		};
		64148029180697AB0020804C /* Resources */ = {
			isa = PBXResourcesBuildPhase;
			buildActionMask = 2147483647;
			files = (
				64148037180697AB0020804C /* InfoPlist.strings in Resources */,
			);
			runOnlyForDeploymentPostprocessing = 0;
		};
/* End PBXResourcesBuildPhase section */

/* Begin PBXSourcesBuildPhase section */
		64148003180697AB0020804C /* Sources */ = {
			isa = PBXSourcesBuildPhase;
			buildActionMask = 2147483647;
			files = (
				6414801B180697AB0020804C /* AppDelegate.m in Sources */,
				64148021180697AB0020804C /* MasterViewController.m in Sources */,
				64148017180697AB0020804C /* main.m in Sources */,
			);
			runOnlyForDeploymentPostprocessing = 0;
		};
		64148027180697AB0020804C /* Sources */ = {
			isa = PBXSourcesBuildPhase;
			buildActionMask = 2147483647;
			files = (
				64148039180697AB0020804C /* CoffeeShopTests.m in Sources */,
			);
			runOnlyForDeploymentPostprocessing = 0;
		};
/* End PBXSourcesBuildPhase section */

/* Begin PBXTargetDependency section */
		64148031180697AB0020804C /* PBXTargetDependency */ = {
			isa = PBXTargetDependency;
			target = 64148006180697AB0020804C /* CoffeeShop */;
			targetProxy = 64148030180697AB0020804C /* PBXContainerItemProxy */;
		};
		6414805218069D230020804C /* PBXTargetDependency */ = {
			isa = PBXTargetDependency;
			name = RestKit;
			targetProxy = 6414805118069D230020804C /* PBXContainerItemProxy */;
		};
/* End PBXTargetDependency section */

/* Begin PBXVariantGroup section */
		64148013180697AB0020804C /* InfoPlist.strings */ = {
			isa = PBXVariantGroup;
			children = (
				64148014180697AB0020804C /* en */,
			);
			name = InfoPlist.strings;
			sourceTree = "<group>";
		};
		6414801C180697AB0020804C /* Main.storyboard */ = {
			isa = PBXVariantGroup;
			children = (
				6414801D180697AB0020804C /* Base */,
			);
			name = Main.storyboard;
			sourceTree = "<group>";
		};
		64148035180697AB0020804C /* InfoPlist.strings */ = {
			isa = PBXVariantGroup;
			children = (
				64148036180697AB0020804C /* en */,
			);
			name = InfoPlist.strings;
			sourceTree = "<group>";
		};
/* End PBXVariantGroup section */

/* Begin XCBuildConfiguration section */
		6414803A180697AB0020804C /* Debug */ = {
			isa = XCBuildConfiguration;
			buildSettings = {
				ALWAYS_SEARCH_USER_PATHS = NO;
				ARCHS = "$(ARCHS_STANDARD_INCLUDING_64_BIT)";
				CLANG_CXX_LANGUAGE_STANDARD = "gnu++0x";
				CLANG_CXX_LIBRARY = "libc++";
				CLANG_ENABLE_MODULES = YES;
				CLANG_ENABLE_OBJC_ARC = YES;
				CLANG_WARN_BOOL_CONVERSION = YES;
				CLANG_WARN_CONSTANT_CONVERSION = YES;
				CLANG_WARN_DIRECT_OBJC_ISA_USAGE = YES_ERROR;
				CLANG_WARN_EMPTY_BODY = YES;
				CLANG_WARN_ENUM_CONVERSION = YES;
				CLANG_WARN_INT_CONVERSION = YES;
				CLANG_WARN_OBJC_ROOT_CLASS = YES_ERROR;
				CLANG_WARN__DUPLICATE_METHOD_MATCH = YES;
				"CODE_SIGN_IDENTITY[sdk=iphoneos*]" = "iPhone Developer";
				COPY_PHASE_STRIP = NO;
				GCC_C_LANGUAGE_STANDARD = gnu99;
				GCC_DYNAMIC_NO_PIC = NO;
				GCC_OPTIMIZATION_LEVEL = 0;
				GCC_PREPROCESSOR_DEFINITIONS = (
					"DEBUG=1",
					"$(inherited)",
				);
				GCC_SYMBOLS_PRIVATE_EXTERN = NO;
				GCC_WARN_64_TO_32_BIT_CONVERSION = YES;
				GCC_WARN_ABOUT_RETURN_TYPE = YES_ERROR;
				GCC_WARN_UNDECLARED_SELECTOR = YES;
				GCC_WARN_UNINITIALIZED_AUTOS = YES;
				GCC_WARN_UNUSED_FUNCTION = YES;
				GCC_WARN_UNUSED_VARIABLE = YES;
				IPHONEOS_DEPLOYMENT_TARGET = 7.0;
				ONLY_ACTIVE_ARCH = YES;
				SDKROOT = iphoneos;
			};
			name = Debug;
		};
		6414803B180697AB0020804C /* Release */ = {
			isa = XCBuildConfiguration;
			buildSettings = {
				ALWAYS_SEARCH_USER_PATHS = NO;
				ARCHS = "$(ARCHS_STANDARD_INCLUDING_64_BIT)";
				CLANG_CXX_LANGUAGE_STANDARD = "gnu++0x";
				CLANG_CXX_LIBRARY = "libc++";
				CLANG_ENABLE_MODULES = YES;
				CLANG_ENABLE_OBJC_ARC = YES;
				CLANG_WARN_BOOL_CONVERSION = YES;
				CLANG_WARN_CONSTANT_CONVERSION = YES;
				CLANG_WARN_DIRECT_OBJC_ISA_USAGE = YES_ERROR;
				CLANG_WARN_EMPTY_BODY = YES;
				CLANG_WARN_ENUM_CONVERSION = YES;
				CLANG_WARN_INT_CONVERSION = YES;
				CLANG_WARN_OBJC_ROOT_CLASS = YES_ERROR;
				CLANG_WARN__DUPLICATE_METHOD_MATCH = YES;
				"CODE_SIGN_IDENTITY[sdk=iphoneos*]" = "iPhone Developer";
				COPY_PHASE_STRIP = YES;
				ENABLE_NS_ASSERTIONS = NO;
				GCC_C_LANGUAGE_STANDARD = gnu99;
				GCC_WARN_64_TO_32_BIT_CONVERSION = YES;
				GCC_WARN_ABOUT_RETURN_TYPE = YES_ERROR;
				GCC_WARN_UNDECLARED_SELECTOR = YES;
				GCC_WARN_UNINITIALIZED_AUTOS = YES;
				GCC_WARN_UNUSED_FUNCTION = YES;
				GCC_WARN_UNUSED_VARIABLE = YES;
				IPHONEOS_DEPLOYMENT_TARGET = 7.0;
				SDKROOT = iphoneos;
				VALIDATE_PRODUCT = YES;
			};
			name = Release;
		};
		6414803D180697AB0020804C /* Debug */ = {
			isa = XCBuildConfiguration;
			buildSettings = {
				ASSETCATALOG_COMPILER_APPICON_NAME = AppIcon;
				ASSETCATALOG_COMPILER_LAUNCHIMAGE_NAME = LaunchImage;
				GCC_PRECOMPILE_PREFIX_HEADER = YES;
				GCC_PREFIX_HEADER = "CoffeeShop/CoffeeShop-Prefix.pch";
				HEADER_SEARCH_PATHS = (
					"$(inherited)",
					/Applications/Xcode.app/Contents/Developer/Toolchains/XcodeDefault.xctoolchain/usr/include,
					"\"$(BUILT_PRODUCTS_DIR)/../../Headers\"",
				);
				INFOPLIST_FILE = "CoffeeShop/CoffeeShop-Info.plist";
				OTHER_LDFLAGS = (
					"-ObjC",
					"-all_load",
				);
				PRODUCT_NAME = "$(TARGET_NAME)";
				WRAPPER_EXTENSION = app;
			};
			name = Debug;
		};
		6414803E180697AB0020804C /* Release */ = {
			isa = XCBuildConfiguration;
			buildSettings = {
				ASSETCATALOG_COMPILER_APPICON_NAME = AppIcon;
				ASSETCATALOG_COMPILER_LAUNCHIMAGE_NAME = LaunchImage;
				GCC_PRECOMPILE_PREFIX_HEADER = YES;
				GCC_PREFIX_HEADER = "CoffeeShop/CoffeeShop-Prefix.pch";
				HEADER_SEARCH_PATHS = (
					"$(inherited)",
					/Applications/Xcode.app/Contents/Developer/Toolchains/XcodeDefault.xctoolchain/usr/include,
					"\"$(BUILT_PRODUCTS_DIR)/../../Headers\"",
				);
				INFOPLIST_FILE = "CoffeeShop/CoffeeShop-Info.plist";
				OTHER_LDFLAGS = (
					"-ObjC",
					"-all_load",
				);
				PRODUCT_NAME = "$(TARGET_NAME)";
				WRAPPER_EXTENSION = app;
			};
			name = Release;
		};
		64148040180697AB0020804C /* Debug */ = {
			isa = XCBuildConfiguration;
			buildSettings = {
				ARCHS = "$(ARCHS_STANDARD_INCLUDING_64_BIT)";
				BUNDLE_LOADER = "$(BUILT_PRODUCTS_DIR)/CoffeeShop.app/CoffeeShop";
				FRAMEWORK_SEARCH_PATHS = (
					"$(SDKROOT)/Developer/Library/Frameworks",
					"$(inherited)",
					"$(DEVELOPER_FRAMEWORKS_DIR)",
				);
				GCC_PRECOMPILE_PREFIX_HEADER = YES;
				GCC_PREFIX_HEADER = "CoffeeShop/CoffeeShop-Prefix.pch";
				GCC_PREPROCESSOR_DEFINITIONS = (
					"DEBUG=1",
					"$(inherited)",
				);
				INFOPLIST_FILE = "CoffeeShopTests/CoffeeShopTests-Info.plist";
				PRODUCT_NAME = "$(TARGET_NAME)";
				TEST_HOST = "$(BUNDLE_LOADER)";
				WRAPPER_EXTENSION = xctest;
			};
			name = Debug;
		};
		64148041180697AB0020804C /* Release */ = {
			isa = XCBuildConfiguration;
			buildSettings = {
				ARCHS = "$(ARCHS_STANDARD_INCLUDING_64_BIT)";
				BUNDLE_LOADER = "$(BUILT_PRODUCTS_DIR)/CoffeeShop.app/CoffeeShop";
				FRAMEWORK_SEARCH_PATHS = (
					"$(SDKROOT)/Developer/Library/Frameworks",
					"$(inherited)",
					"$(DEVELOPER_FRAMEWORKS_DIR)",
				);
				GCC_PRECOMPILE_PREFIX_HEADER = YES;
				GCC_PREFIX_HEADER = "CoffeeShop/CoffeeShop-Prefix.pch";
				INFOPLIST_FILE = "CoffeeShopTests/CoffeeShopTests-Info.plist";
				PRODUCT_NAME = "$(TARGET_NAME)";
				TEST_HOST = "$(BUNDLE_LOADER)";
				WRAPPER_EXTENSION = xctest;
			};
			name = Release;
		};
/* End XCBuildConfiguration section */

/* Begin XCConfigurationList section */
		64148002180697AB0020804C /* Build configuration list for PBXProject "CoffeeShop" */ = {
			isa = XCConfigurationList;
			buildConfigurations = (
				6414803A180697AB0020804C /* Debug */,
				6414803B180697AB0020804C /* Release */,
			);
			defaultConfigurationIsVisible = 0;
			defaultConfigurationName = Release;
		};
		6414803C180697AB0020804C /* Build configuration list for PBXNativeTarget "CoffeeShop" */ = {
			isa = XCConfigurationList;
			buildConfigurations = (
				6414803D180697AB0020804C /* Debug */,
				6414803E180697AB0020804C /* Release */,
			);
			defaultConfigurationIsVisible = 0;
		};
		6414803F180697AB0020804C /* Build configuration list for PBXNativeTarget "CoffeeShopTests" */ = {
			isa = XCConfigurationList;
			buildConfigurations = (
				64148040180697AB0020804C /* Debug */,
				64148041180697AB0020804C /* Release */,
			);
			defaultConfigurationIsVisible = 0;
		};
/* End XCConfigurationList section */
	};
	rootObject = 64147FFF180697AB0020804C /* Project object */;
}
